{
  "name": "appworkflowofaigc",
  "version": "1.0.0",
  "lockfileVersion": 3,
  "requires": true,
  "packages": {
    "": {
      "name": "appworkflowofaigc",
      "version": "1.0.0",
      "license": "MIT",
      "dependencies": {
        "litegraph.js": "^0.7.18"
      }
    },
    "node_modules/litegraph.js": {
      "version": "0.7.18",
      "resolved": "https://registry.npmjs.org/litegraph.js/-/litegraph.js-0.7.18.tgz",
      "integrity": "sha512-1WEwjOO58j4FcLX8DvsuMXM371MEq4Y+8pBr3q2pBhJ9nDkwBtBd9Gj6bxArBKhW6i42bSOyv9ybeuez6NAxoQ=="
    }
  }
}
